
Microsoft Visual Studio Solution File, Format Version 12.00
# Visual Studio Version 17
VisualStudioVersion = 17.6.33815.320
MinimumVisualStudioVersion = 10.0.40219.1
Project("{9A19103F-16F7-4668-BE54-9A1E7A4F7556}") = "SharpGraphT.Utils", "SharpGraphT.Utils\SharpGraphT.Utils.csproj", "{1F01B31E-72E0-4A06-9D22-38A882C9C75E}"
EndProject
Project("{9A19103F-16F7-4668-BE54-9A1E7A4F7556}") = "SharpGraphT.Core", "SharpGraphT.Core\SharpGraphT.Core.csproj", "{1E864F22-03C4-443E-9997-8D9EF726EDE0}"
EndProject
Project("{FAE04EC0-301F-11D3-BF4B-00C04F79EFBC}") = "SharpGraphT.Test", "SharpGraphT.Test\SharpGraphT.Test.csproj", "{84056EBF-552A-4065-928B-5BB90CCDB185}"
EndProject
Global
	GlobalSection(SolutionConfigurationPlatforms) = preSolution
		Debug|Any CPU = Debug|Any CPU
		Release|Any CPU = Release|Any CPU
	EndGlobalSection
	GlobalSection(ProjectConfigurationPlatforms) = postSolution
		{1F01B31E-72E0-4A06-9D22-38A882C9C75E}.Debug|Any CPU.ActiveCfg = Debug|Any CPU
		{1F01B31E-72E0-4A06-9D22-38A882C9C75E}.Debug|Any CPU.Build.0 = Debug|Any CPU
		{1F01B31E-72E0-4A06-9D22-38A882C9C75E}.Release|Any CPU.ActiveCfg = Release|Any CPU
		{1F01B31E-72E0-4A06-9D22-38A882C9C75E}.Release|Any CPU.Build.0 = Release|Any CPU
		{1E864F22-03C4-443E-9997-8D9EF726EDE0}.Debug|Any CPU.ActiveCfg = Debug|Any CPU
		{1E864F22-03C4-443E-9997-8D9EF726EDE0}.Debug|Any CPU.Build.0 = Debug|Any CPU
		{1E864F22-03C4-443E-9997-8D9EF726EDE0}.Release|Any CPU.ActiveCfg = Release|Any CPU
		{1E864F22-03C4-443E-9997-8D9EF726EDE0}.Release|Any CPU.Build.0 = Release|Any CPU
		{84056EBF-552A-4065-928B-5BB90CCDB185}.Debug|Any CPU.ActiveCfg = Debug|Any CPU
		{84056EBF-552A-4065-928B-5BB90CCDB185}.Debug|Any CPU.Build.0 = Debug|Any CPU
		{84056EBF-552A-4065-928B-5BB90CCDB185}.Release|Any CPU.ActiveCfg = Release|Any CPU
		{84056EBF-552A-4065-928B-5BB90CCDB185}.Release|Any CPU.Build.0 = Release|Any CPU
	EndGlobalSection
	GlobalSection(SolutionProperties) = preSolution
		HideSolutionNode = FALSE
	EndGlobalSection
	GlobalSection(ExtensibilityGlobals) = postSolution
		SolutionGuid = {FA26451B-74B3-4907-9184-A3907B921034}
	EndGlobalSection
EndGlobal
